// !$*UTF8*$!
{
	archiveVersion = 1;
	classes = {
	};
	objectVersion = 46;
	objects = {

/* Begin PBXBuildFile section */
		14D096431B68703000B6C16A /* AppDelegate.swift in Sources */ = {isa = PBXBuildFile; fileRef = 14D096421B68703000B6C16A /* AppDelegate.swift */; };
		14D096451B68703000B6C16A /* ViewController.swift in Sources */ = {isa = PBXBuildFile; fileRef = 14D096441B68703000B6C16A /* ViewController.swift */; };
		14D096481B68703000B6C16A /* Main.storyboard in Resources */ = {isa = PBXBuildFile; fileRef = 14D096461B68703000B6C16A /* Main.storyboard */; };
		14D0964A1B68703000B6C16A /* Images.xcassets in Resources */ = {isa = PBXBuildFile; fileRef = 14D096491B68703000B6C16A /* Images.xcassets */; };
		14D0964D1B68703000B6C16A /* LaunchScreen.xib in Resources */ = {isa = PBXBuildFile; fileRef = 14D0964B1B68703000B6C16A /* LaunchScreen.xib */; };
		14D096591B68703000B6C16A /* SwiftPlaygroudTests.swift in Sources */ = {isa = PBXBuildFile; fileRef = 14D096581B68703000B6C16A /* SwiftPlaygroudTests.swift */; };
/* End PBXBuildFile section */

/* Begin PBXContainerItemProxy section */
		14D096531B68703000B6C16A /* PBXContainerItemProxy */ = {
			isa = PBXContainerItemProxy;
			containerPortal = 14D096351B68703000B6C16A /* Project object */;
			proxyType = 1;
			remoteGlobalIDString = 14D0963C1B68703000B6C16A;
			remoteInfo = SwiftPlaygroud;
		};
/* End PBXContainerItemProxy section */

/* Begin PBXFileReference section */
		14D0963D1B68703000B6C16A /* SwiftPlaygroud.app */ = {isa = PBXFileReference; explicitFileType = wrapper.application; includeInIndex = 0; path = SwiftPlaygroud.app; sourceTree = BUILT_PRODUCTS_DIR; };
		14D096411B68703000B6C16A /* Info.plist */ = {isa = PBXFileReference; lastKnownFileType = text.plist.xml; path = Info.plist; sourceTree = "<group>"; };
		14D096421B68703000B6C16A /* AppDelegate.swift */ = {isa = PBXFileReference; lastKnownFileType = sourcecode.swift; path = AppDelegate.swift; sourceTree = "<group>"; };
		14D096441B68703000B6C16A /* ViewController.swift */ = {isa = PBXFileReference; lastKnownFileType = sourcecode.swift; path = ViewController.swift; sourceTree = "<group>"; };
		14D096471B68703000B6C16A /* Base */ = {isa = PBXFileReference; lastKnownFileType = file.storyboard; name = Base; path = Base.lproj/Main.storyboard; sourceTree = "<group>"; };
		14D096491B68703000B6C16A /* Images.xcassets */ = {isa = PBXFileReference; lastKnownFileType = folder.assetcatalog; path = Images.xcassets; sourceTree = "<group>"; };
		14D0964C1B68703000B6C16A /* Base */ = {isa = PBXFileReference; lastKnownFileType = file.xib; name = Base; path = Base.lproj/LaunchScreen.xib; sourceTree = "<group>"; };
		14D096521B68703000B6C16A /* SwiftPlaygroudTests.xctest */ = {isa = PBXFileReference; explicitFileType = wrapper.cfbundle; includeInIndex = 0; path = SwiftPlaygroudTests.xctest; sourceTree = BUILT_PRODUCTS_DIR; };
		14D096571B68703000B6C16A /* Info.plist */ = {isa = PBXFileReference; lastKnownFileType = text.plist.xml; path = Info.plist; sourceTree = "<group>"; };
		14D096581B68703000B6C16A /* SwiftPlaygroudTests.swift */ = {isa = PBXFileReference; lastKnownFileType = sourcecode.swift; path = SwiftPlaygroudTests.swift; sourceTree = "<group>"; };
/* End PBXFileReference section */

/* Begin PBXFrameworksBuildPhase section */
		14D0963A1B68703000B6C16A /* Frameworks */ = {
			isa = PBXFrameworksBuildPhase;
			buildActionMask = 2147483647;
			files = (
			);
			runOnlyForDeploymentPostprocessing = 0;
		};
		14D0964F1B68703000B6C16A /* Frameworks */ = {
			isa = PBXFrameworksBuildPhase;
			buildActionMask = 2147483647;
			files = (
			);
			runOnlyForDeploymentPostprocessing = 0;
		};
/* End PBXFrameworksBuildPhase section */

/* Begin PBXGroup section */
		14D096341B68703000B6C16A = {
			isa = PBXGroup;
			children = (
				14D0963F1B68703000B6C16A /* SwiftPlaygroud */,
				14D096551B68703000B6C16A /* SwiftPlaygroudTests */,
				14D0963E1B68703000B6C16A /* Products */,
			);
			sourceTree = "<group>";
		};
		14D0963E1B68703000B6C16A /* Products */ = {
			isa = PBXGroup;
			children = (
				14D0963D1B68703000B6C16A /* SwiftPlaygroud.app */,
				14D096521B68703000B6C16A /* SwiftPlaygroudTests.xctest */,
			);
			name = Products;
			sourceTree = "<group>";
		};
		14D0963F1B68703000B6C16A /* SwiftPlaygroud */ = {
			isa = PBXGroup;
			children = (
				14D096421B68703000B6C16A /* AppDelegate.swift */,
				14D096441B68703000B6C16A /* ViewController.swift */,
				14D096461B68703000B6C16A /* Main.storyboard */,
				14D096491B68703000B6C16A /* Images.xcassets */,
				14D0964B1B68703000B6C16A /* LaunchScreen.xib */,
				14D096401B68703000B6C16A /* Supporting Files */,
			);
			path = SwiftPlaygroud;
			sourceTree = "<group>";
		};
		14D096401B68703000B6C16A /* Supporting Files */ = {
			isa = PBXGroup;
			children = (
				14D096411B68703000B6C16A /* Info.plist */,
			);
			name = "Supporting Files";
			sourceTree = "<group>";
		};
		14D096551B68703000B6C16A /* SwiftPlaygroudTests */ = {
			isa = PBXGroup;
			children = (
				14D096581B68703000B6C16A /* SwiftPlaygroudTests.swift */,
				14D096561B68703000B6C16A /* Supporting Files */,
			);
			path = SwiftPlaygroudTests;
			sourceTree = "<group>";
		};
		14D096561B68703000B6C16A /* Supporting Files */ = {
			isa = PBXGroup;
			children = (
				14D096571B68703000B6C16A /* Info.plist */,
			);
			name = "Supporting Files";
			sourceTree = "<group>";
		};
/* End PBXGroup section */

/* Begin PBXNativeTarget section */
		14D0963C1B68703000B6C16A /* SwiftPlaygroud */ = {
			isa = PBXNativeTarget;
			buildConfigurationList = 14D0965C1B68703000B6C16A /* Build configuration list for PBXNativeTarget "SwiftPlaygroud" */;
			buildPhases = (
				14D096391B68703000B6C16A /* Sources */,
				14D0963A1B68703000B6C16A /* Frameworks */,
				14D0963B1B68703000B6C16A /* Resources */,
			);
			buildRules = (
			);
			dependencies = (
			);
			name = SwiftPlaygroud;
			productName = SwiftPlaygroud;
			productReference = 14D0963D1B68703000B6C16A /* SwiftPlaygroud.app */;
			productType = "com.apple.product-type.application";
		};
		14D096511B68703000B6C16A /* SwiftPlaygroudTests */ = {
			isa = PBXNativeTarget;
			buildConfigurationList = 14D0965F1B68703000B6C16A /* Build configuration list for PBXNativeTarget "SwiftPlaygroudTests" */;
			buildPhases = (
				14D0964E1B68703000B6C16A /* Sources */,
				14D0964F1B68703000B6C16A /* Frameworks */,
				14D096501B68703000B6C16A /* Resources */,
			);
			buildRules = (
			);
			dependencies = (
				14D096541B68703000B6C16A /* PBXTargetDependency */,
			);
			name = SwiftPlaygroudTests;
			productName = SwiftPlaygroudTests;
			productReference = 14D096521B68703000B6C16A /* SwiftPlaygroudTests.xctest */;
			productType = "com.apple.product-type.bundle.unit-test";
		};
/* End PBXNativeTarget section */

/* Begin PBXProject section */
		14D096351B68703000B6C16A /* Project object */ = {
			isa = PBXProject;
			attributes = {
				LastUpgradeCheck = 0640;
				ORGANIZATIONNAME = "Moisés Cervantes";
				TargetAttributes = {
					14D0963C1B68703000B6C16A = {
						CreatedOnToolsVersion = 6.4;
					};
					14D096511B68703000B6C16A = {
						CreatedOnToolsVersion = 6.4;
						TestTargetID = 14D0963C1B68703000B6C16A;
					};
				};
			};
			buildConfigurationList = 14D096381B68703000B6C16A /* Build configuration list for PBXProject "SwiftPlaygroud" */;
			compatibilityVersion = "Xcode 3.2";
			developmentRegion = English;
			hasScannedForEncodings = 0;
			knownRegions = (
				en,
				Base,
			);
			mainGroup = 14D096341B68703000B6C16A;
			productRefGroup = 14D0963E1B68703000B6C16A /* Products */;
			projectDirPath = "";
			projectRoot = "";
			targets = (
				14D0963C1B68703000B6C16A /* SwiftPlaygroud */,
				14D096511B68703000B6C16A /* SwiftPlaygroudTests */,
			);
		};
/* End PBXProject section */

/* Begin PBXResourcesBuildPhase section */
		14D0963B1B68703000B6C16A /* Resources */ = {
			isa = PBXResourcesBuildPhase;
			buildActionMask = 2147483647;
			files = (
				14D096481B68703000B6C16A /* Main.storyboard in Resources */,
				14D0964D1B68703000B6C16A /* LaunchScreen.xib in Resources */,
				14D0964A1B68703000B6C16A /* Images.xcassets in Resources */,
			);
			runOnlyForDeploymentPostprocessing = 0;
		};
		14D096501B68703000B6C16A /* Resources */ = {
			isa = PBXResourcesBuildPhase;
			buildActionMask = 2147483647;
			files = (
			);
			runOnlyForDeploymentPostprocessing = 0;
		};
/* End PBXResourcesBuildPhase section */

/* Begin PBXSourcesBuildPhase section */
		14D096391B68703000B6C16A /* Sources */ = {
			isa = PBXSourcesBuildPhase;
			buildActionMask = 2147483647;
			files = (
				14D096451B68703000B6C16A /* ViewController.swift in Sources */,
				14D096431B68703000B6C16A /* AppDelegate.swift in Sources */,
			);
			runOnlyForDeploymentPostprocessing = 0;
		};
		14D0964E1B68703000B6C16A /* Sources */ = {
			isa = PBXSourcesBuildPhase;
			buildActionMask = 2147483647;
			files = (
				14D096591B68703000B6C16A /* SwiftPlaygroudTests.swift in Sources */,
			);
			runOnlyForDeploymentPostprocessing = 0;
		};
/* End PBXSourcesBuildPhase section */

/* Begin PBXTargetDependency section */
		14D096541B68703000B6C16A /* PBXTargetDependency */ = {
			isa = PBXTargetDependency;
			target = 14D0963C1B68703000B6C16A /* SwiftPlaygroud */;
			targetProxy = 14D096531B68703000B6C16A /* PBXContainerItemProxy */;
		};
/* End PBXTargetDependency section */

/* Begin PBXVariantGroup section */
		14D096461B68703000B6C16A /* Main.storyboard */ = {
			isa = PBXVariantGroup;
			children = (
				14D096471B68703000B6C16A /* Base */,
			);
			name = Main.storyboard;
			sourceTree = "<group>";
		};
		14D0964B1B68703000B6C16A /* LaunchScreen.xib */ = {
			isa = PBXVariantGroup;
			children = (
				14D0964C1B68703000B6C16A /* Base */,
			);
			name = LaunchScreen.xib;
			sourceTree = "<group>";
		};
/* End PBXVariantGroup section */

/* Begin XCBuildConfiguration section */
		14D0965A1B68703000B6C16A /* Debug */ = {
			isa = XCBuildConfiguration;
			buildSettings = {
				ALWAYS_SEARCH_USER_PATHS = NO;
				CLANG_CXX_LANGUAGE_STANDARD = "gnu++0x";
				CLANG_CXX_LIBRARY = "libc++";
				CLANG_ENABLE_MODULES = YES;
				CLANG_ENABLE_OBJC_ARC = YES;
				CLANG_WARN_BOOL_CONVERSION = YES;
				CLANG_WARN_CONSTANT_CONVERSION = YES;
				CLANG_WARN_DIRECT_OBJC_ISA_USAGE = YES_ERROR;
				CLANG_WARN_EMPTY_BODY = YES;
				CLANG_WARN_ENUM_CONVERSION = YES;
				CLANG_WARN_INT_CONVERSION = YES;
				CLANG_WARN_OBJC_ROOT_CLASS = YES_ERROR;
				CLANG_WARN_UNREACHABLE_CODE = YES;
				CLANG_WARN__DUPLICATE_METHOD_MATCH = YES;
				"CODE_SIGN_IDENTITY[sdk=iphoneos*]" = "iPhone Developer";
				COPY_PHASE_STRIP = NO;
				DEBUG_INFORMATION_FORMAT = "dwarf-with-dsym";
				ENABLE_STRICT_OBJC_MSGSEND = YES;
				GCC_C_LANGUAGE_STANDARD = gnu99;
				GCC_DYNAMIC_NO_PIC = NO;
				GCC_NO_COMMON_BLOCKS = YES;
				GCC_OPTIMIZATION_LEVEL = 0;
				GCC_PREPROCESSOR_DEFINITIONS = (
					"DEBUG=1",
					"$(inherited)",
				);
				GCC_SYMBOLS_PRIVATE_EXTERN = NO;
				GCC_WARN_64_TO_32_BIT_CONVERSION = YES;
				GCC_WARN_ABOUT_RETURN_TYPE = YES_ERROR;
				GCC_WARN_UNDECLARED_SELECTOR = YES;
				GCC_WARN_UNINITIALIZED_AUTOS = YES_AGGRESSIVE;
				GCC_WARN_UNUSED_FUNCTION = YES;
				GCC_WARN_UNUSED_VARIABLE = YES;
				IPHONEOS_DEPLOYMENT_TARGET = 8.4;
				MTL_ENABLE_DEBUG_INFO = YES;
				ONLY_ACTIVE_ARCH = YES;
				SDKROOT = iphoneos;
				SWIFT_OPTIMIZATION_LEVEL = "-Onone";
			};
			name = Debug;
		};
		14D0965B1B68703000B6C16A /* Release */ = {
			isa = XCBuildConfiguration;
			buildSettings = {
				ALWAYS_SEARCH_USER_PATHS = NO;
				CLANG_CXX_LANGUAGE_STANDARD = "gnu++0x";
				CLANG_CXX_LIBRARY = "libc++";
				CLANG_ENABLE_MODULES = YES;
				CLANG_ENABLE_OBJC_ARC = YES;
				CLANG_WARN_BOOL_CONVERSION = YES;
				CLANG_WARN_CONSTANT_CONVERSION = YES;
				CLANG_WARN_DIRECT_OBJC_ISA_USAGE = YES_ERROR;
				CLANG_WARN_EMPTY_BODY = YES;
				CLANG_WARN_ENUM_CONVERSION = YES;
				CLANG_WARN_INT_CONVERSION = YES;
				CLANG_WARN_OBJC_ROOT_CLASS = YES_ERROR;
				CLANG_WARN_UNREACHABLE_CODE = YES;
				CLANG_WARN__DUPLICATE_METHOD_MATCH = YES;
				"CODE_SIGN_IDENTITY[sdk=iphoneos*]" = "iPhone Developer";
				COPY_PHASE_STRIP = NO;
				DEBUG_INFORMATION_FORMAT = "dwarf-with-dsym";
				ENABLE_NS_ASSERTIONS = NO;
				ENABLE_STRICT_OBJC_MSGSEND = YES;
				GCC_C_LANGUAGE_STANDARD = gnu99;
				GCC_NO_COMMON_BLOCKS = YES;
				GCC_WARN_64_TO_32_BIT_CONVERSION = YES;
				GCC_WARN_ABOUT_RETURN_TYPE = YES_ERROR;
				GCC_WARN_UNDECLARED_SELECTOR = YES;
				GCC_WARN_UNINITIALIZED_AUTOS = YES_AGGRESSIVE;
				GCC_WARN_UNUSED_FUNCTION = YES;
				GCC_WARN_UNUSED_VARIABLE = YES;
				IPHONEOS_DEPLOYMENT_TARGET = 8.4;
				MTL_ENABLE_DEBUG_INFO = NO;
				SDKROOT = iphoneos;
				VALIDATE_PRODUCT = YES;
			};
			name = Release;
		};
		14D0965D1B68703000B6C16A /* Debug */ = {
			isa = XCBuildConfiguration;
			buildSettings = {
				ASSETCATALOG_COMPILER_APPICON_NAME = AppIcon;
				INFOPLIST_FILE = SwiftPlaygroud/Info.plist;
				LD_RUNPATH_SEARCH_PATHS = "$(inherited) @executable_path/Frameworks";
				PRODUCT_NAME = "$(TARGET_NAME)";
			};
			name = Debug;
		};
		14D0965E1B68703000B6C16A /* Release */ = {
			isa = XCBuildConfiguration;
			buildSettings = {
				ASSETCATALOG_COMPILER_APPICON_NAME = AppIcon;
				INFOPLIST_FILE = SwiftPlaygroud/Info.plist;
				LD_RUNPATH_SEARCH_PATHS = "$(inherited) @executable_path/Frameworks";
				PRODUCT_NAME = "$(TARGET_NAME)";
			};
			name = Release;
		};
		14D096601B68703000B6C16A /* Debug */ = {
			isa = XCBuildConfiguration;
			buildSettings = {
				BUNDLE_LOADER = "$(TEST_HOST)";
				FRAMEWORK_SEARCH_PATHS = (
					"$(SDKROOT)/Developer/Library/Frameworks",
					"$(inherited)",
				);
				GCC_PREPROCESSOR_DEFINITIONS = (
					"DEBUG=1",
					"$(inherited)",
				);
				INFOPLIST_FILE = SwiftPlaygroudTests/Info.plist;
				LD_RUNPATH_SEARCH_PATHS = "$(inherited) @executable_path/Frameworks @loader_path/Frameworks";
				PRODUCT_NAME = "$(TARGET_NAME)";
				TEST_HOST = "$(BUILT_PRODUCTS_DIR)/SwiftPlaygroud.app/SwiftPlaygroud";
			};
			name = Debug;
		};
		14D096611B68703000B6C16A /* Release */ = {
			isa = XCBuildConfiguration;
			buildSettings = {
				BUNDLE_LOADER = "$(TEST_HOST)";
				FRAMEWORK_SEARCH_PATHS = (
					"$(SDKROOT)/Developer/Library/Frameworks",
					"$(inherited)",
				);
				INFOPLIST_FILE = SwiftPlaygroudTests/Info.plist;
				LD_RUNPATH_SEARCH_PATHS = "$(inherited) @executable_path/Frameworks @loader_path/Frameworks";
				PRODUCT_NAME = "$(TARGET_NAME)";
				TEST_HOST = "$(BUILT_PRODUCTS_DIR)/SwiftPlaygroud.app/SwiftPlaygroud";
			};
			name = Release;
		};
/* End XCBuildConfiguration section */

/* Begin XCConfigurationList section */
		14D096381B68703000B6C16A /* Build configuration list for PBXProject "SwiftPlaygroud" */ = {
			isa = XCConfigurationList;
			buildConfigurations = (
				14D0965A1B68703000B6C16A /* Debug */,
				14D0965B1B68703000B6C16A /* Release */,
			);
			defaultConfigurationIsVisible = 0;
			defaultConfigurationName = Release;
		};
		14D0965C1B68703000B6C16A /* Build configuration list for PBXNativeTarget "SwiftPlaygroud" */ = {
			isa = XCConfigurationList;
			buildConfigurations = (
				14D0965D1B68703000B6C16A /* Debug */,
				14D0965E1B68703000B6C16A /* Release */,
			);
			defaultConfigurationIsVisible = 0;
		};
		14D0965F1B68703000B6C16A /* Build configuration list for PBXNativeTarget "SwiftPlaygroudTests" */ = {
			isa = XCConfigurationList;
			buildConfigurations = (
				14D096601B68703000B6C16A /* Debug */,
				14D096611B68703000B6C16A /* Release */,
			);
			defaultConfigurationIsVisible = 0;
		};
/* End XCConfigurationList section */
	};
	rootObject = 14D096351B68703000B6C16A /* Project object */;
}
